{
  "name": "paulvanslembrouck.github.io",
  "version": "1.0.0",
  "lockfileVersion": 1,
  "requires": true,
  "dependencies": {
    "lit-html": {
      "version": "1.2.1",
      "resolved": "https://ridgelineapps.jfrog.io/ridgelineapps/api/npm/ridgelineapps-npm-virtual/lit-html/-/lit-html-1.2.1.tgz",
      "integrity": "sha1-H7kz3B4t3AlfYLgIYnfU/NnWLMg="
    }
  }
}
